{
  "requires": true,
  "lockfileVersion": 1,
  "dependencies": {
    "ip": {
      "version": "1.1.5",
      "resolved": "https://registry.npmjs.org/ip/-/ip-1.1.5.tgz",
      "integrity": "sha1-vd7XARQpCCjAoDnnLvJfWq7ENUo="
    },
    "pandas": {
      "version": "0.0.3",
      "resolved": "https://registry.npmjs.org/pandas/-/pandas-0.0.3.tgz",
      "integrity": "sha1-KhGwIHTw/8wHKccyNVcuWtuw8fc="
    }
  }
}
